
Microsoft Visual Studio Solution File, Format Version 12.00
# Visual Studio 15
Project("{FAE04EC0-301F-11D3-BF4B-00C04F79EFBC}") = "ContactsManagerApp.Android", "ContactsManagerApp.Android\ContactsManagerApp.Android.csproj", "{B21AC03D-3229-4CD3-9A77-26AFECA891F9}"
EndProject
Project("{FAE04EC0-301F-11D3-BF4B-00C04F79EFBC}") = "ContactsManagerApp.iOS", "ContactsManagerApp.iOS\ContactsManagerApp.iOS.csproj", "{ABE26760-DECB-4849-AE85-E027BEDB1A1F}"
EndProject
Project("{FAE04EC0-301F-11D3-BF4B-00C04F79EFBC}") = "ContactsManagerApp", "ContactsManagerApp\ContactsManagerApp.csproj", "{707643BC-D8A9-4687-B9D9-8A972870EDD3}"
EndProject
Global
	GlobalSection(SolutionConfigurationPlatforms) = preSolution
		Debug|Any CPU = Debug|Any CPU
		Release|Any CPU = Release|Any CPU
		Debug|iPhoneSimulator = Debug|iPhoneSimulator
		Release|iPhoneSimulator = Release|iPhoneSimulator
		Debug|iPhone = Debug|iPhone
		Release|iPhone = Release|iPhone
	EndGlobalSection
	GlobalSection(ProjectConfigurationPlatforms) = postSolution
		{B21AC03D-3229-4CD3-9A77-26AFECA891F9}.Debug|Any CPU.ActiveCfg = Debug|Any CPU
		{B21AC03D-3229-4CD3-9A77-26AFECA891F9}.Debug|Any CPU.Build.0 = Debug|Any CPU
		{B21AC03D-3229-4CD3-9A77-26AFECA891F9}.Release|Any CPU.ActiveCfg = Release|Any CPU
		{B21AC03D-3229-4CD3-9A77-26AFECA891F9}.Release|Any CPU.Build.0 = Release|Any CPU
		{B21AC03D-3229-4CD3-9A77-26AFECA891F9}.Debug|iPhoneSimulator.ActiveCfg = Debug|Any CPU
		{B21AC03D-3229-4CD3-9A77-26AFECA891F9}.Debug|iPhoneSimulator.Build.0 = Debug|Any CPU
		{B21AC03D-3229-4CD3-9A77-26AFECA891F9}.Release|iPhoneSimulator.ActiveCfg = Release|Any CPU
		{B21AC03D-3229-4CD3-9A77-26AFECA891F9}.Release|iPhoneSimulator.Build.0 = Release|Any CPU
		{B21AC03D-3229-4CD3-9A77-26AFECA891F9}.Debug|iPhone.ActiveCfg = Debug|Any CPU
		{B21AC03D-3229-4CD3-9A77-26AFECA891F9}.Debug|iPhone.Build.0 = Debug|Any CPU
		{B21AC03D-3229-4CD3-9A77-26AFECA891F9}.Release|iPhone.ActiveCfg = Release|Any CPU
		{B21AC03D-3229-4CD3-9A77-26AFECA891F9}.Release|iPhone.Build.0 = Release|Any CPU
		{ABE26760-DECB-4849-AE85-E027BEDB1A1F}.Debug|Any CPU.ActiveCfg = Debug|iPhoneSimulator
		{ABE26760-DECB-4849-AE85-E027BEDB1A1F}.Debug|Any CPU.Build.0 = Debug|iPhoneSimulator
		{ABE26760-DECB-4849-AE85-E027BEDB1A1F}.Release|Any CPU.ActiveCfg = Release|iPhoneSimulator
		{ABE26760-DECB-4849-AE85-E027BEDB1A1F}.Release|Any CPU.Build.0 = Release|iPhoneSimulator
		{ABE26760-DECB-4849-AE85-E027BEDB1A1F}.Debug|iPhoneSimulator.ActiveCfg = Debug|iPhoneSimulator
		{ABE26760-DECB-4849-AE85-E027BEDB1A1F}.Debug|iPhoneSimulator.Build.0 = Debug|iPhoneSimulator
		{ABE26760-DECB-4849-AE85-E027BEDB1A1F}.Release|iPhoneSimulator.ActiveCfg = Release|iPhoneSimulator
		{ABE26760-DECB-4849-AE85-E027BEDB1A1F}.Release|iPhoneSimulator.Build.0 = Release|iPhoneSimulator
		{ABE26760-DECB-4849-AE85-E027BEDB1A1F}.Debug|iPhone.ActiveCfg = Debug|iPhone
		{ABE26760-DECB-4849-AE85-E027BEDB1A1F}.Debug|iPhone.Build.0 = Debug|iPhone
		{ABE26760-DECB-4849-AE85-E027BEDB1A1F}.Release|iPhone.ActiveCfg = Release|iPhone
		{ABE26760-DECB-4849-AE85-E027BEDB1A1F}.Release|iPhone.Build.0 = Release|iPhone
		{707643BC-D8A9-4687-B9D9-8A972870EDD3}.Debug|Any CPU.ActiveCfg = Debug|Any CPU
		{707643BC-D8A9-4687-B9D9-8A972870EDD3}.Debug|Any CPU.Build.0 = Debug|Any CPU
		{707643BC-D8A9-4687-B9D9-8A972870EDD3}.Release|Any CPU.ActiveCfg = Release|Any CPU
		{707643BC-D8A9-4687-B9D9-8A972870EDD3}.Release|Any CPU.Build.0 = Release|Any CPU
		{707643BC-D8A9-4687-B9D9-8A972870EDD3}.Debug|iPhoneSimulator.ActiveCfg = Debug|Any CPU
		{707643BC-D8A9-4687-B9D9-8A972870EDD3}.Debug|iPhoneSimulator.Build.0 = Debug|Any CPU
		{707643BC-D8A9-4687-B9D9-8A972870EDD3}.Release|iPhoneSimulator.ActiveCfg = Release|Any CPU
		{707643BC-D8A9-4687-B9D9-8A972870EDD3}.Release|iPhoneSimulator.Build.0 = Release|Any CPU
		{707643BC-D8A9-4687-B9D9-8A972870EDD3}.Debug|iPhone.ActiveCfg = Debug|Any CPU
		{707643BC-D8A9-4687-B9D9-8A972870EDD3}.Debug|iPhone.Build.0 = Debug|Any CPU
		{707643BC-D8A9-4687-B9D9-8A972870EDD3}.Release|iPhone.ActiveCfg = Release|Any CPU
		{707643BC-D8A9-4687-B9D9-8A972870EDD3}.Release|iPhone.Build.0 = Release|Any CPU
	EndGlobalSection
EndGlobal
